
Microsoft Visual Studio Solution File, Format Version 12.00
# Visual Studio Version 16
VisualStudioVersion = 16.0.30011.22
MinimumVisualStudioVersion = 10.0.40219.1
Project("{888888A0-9F3D-457C-B088-3A5042F75D52}") = "ogrod-zoologiczny", "ogrod-zoologiczny\ogrod-zoologiczny.pyproj", "{70B8BF25-5847-4AB4-83A2-595030A4727B}"
EndProject
Global
	GlobalSection(SolutionConfigurationPlatforms) = preSolution
		Debug|Any CPU = Debug|Any CPU
		Release|Any CPU = Release|Any CPU
	EndGlobalSection
	GlobalSection(ProjectConfigurationPlatforms) = postSolution
		{70B8BF25-5847-4AB4-83A2-595030A4727B}.Debug|Any CPU.ActiveCfg = Debug|Any CPU
		{70B8BF25-5847-4AB4-83A2-595030A4727B}.Release|Any CPU.ActiveCfg = Release|Any CPU
	EndGlobalSection
	GlobalSection(SolutionProperties) = preSolution
		HideSolutionNode = FALSE
	EndGlobalSection
	GlobalSection(ExtensibilityGlobals) = postSolution
		SolutionGuid = {0838BD49-6026-419C-AC0D-83EC999876BD}
	EndGlobalSection
EndGlobal
